
Microsoft Visual Studio Solution File, Format Version 12.00
# Visual Studio Version 16
VisualStudioVersion = 16.0.29613.14
MinimumVisualStudioVersion = 10.0.40219.1
Project("{FAE04EC0-301F-11D3-BF4B-00C04F79EFBC}") = "Grkouk.Nop.Api3", "Grkouk.Nop.Api3\Grkouk.Nop.Api3.csproj", "{CA23A21D-B6BF-45FA-B8D7-0FA3BD8669B9}"
EndProject
Global
	GlobalSection(SolutionConfigurationPlatforms) = preSolution
		Debug|Any CPU = Debug|Any CPU
		Release|Any CPU = Release|Any CPU
	EndGlobalSection
	GlobalSection(ProjectConfigurationPlatforms) = postSolution
		{CA23A21D-B6BF-45FA-B8D7-0FA3BD8669B9}.Debug|Any CPU.ActiveCfg = Debug|Any CPU
		{CA23A21D-B6BF-45FA-B8D7-0FA3BD8669B9}.Debug|Any CPU.Build.0 = Debug|Any CPU
		{CA23A21D-B6BF-45FA-B8D7-0FA3BD8669B9}.Release|Any CPU.ActiveCfg = Release|Any CPU
		{CA23A21D-B6BF-45FA-B8D7-0FA3BD8669B9}.Release|Any CPU.Build.0 = Release|Any CPU
	EndGlobalSection
	GlobalSection(SolutionProperties) = preSolution
		HideSolutionNode = FALSE
	EndGlobalSection
	GlobalSection(ExtensibilityGlobals) = postSolution
		SolutionGuid = {123504DA-E912-4BC7-B307-91FB24DA08B9}
	EndGlobalSection
EndGlobal
